// !$*UTF8*$!
{
	archiveVersion = 1;
	classes = {
	};
	objectVersion = 46;
	objects = {

/* Begin PBXBuildFile section */
		ECAA9E80CDF56ED792EEB5D4 /* Pods_notely_app.framework in Frameworks */ = {isa = PBXBuildFile; fileRef = C30851C6F6419110E749EBB1 /* Pods_notely_app.framework */; };
		F65BACD21EE9C8C10005ACEA /* NotesViewController.swift in Sources */ = {isa = PBXBuildFile; fileRef = F65BACD11EE9C8C10005ACEA /* NotesViewController.swift */; };
		F65BACD41EE9EFA50005ACEA /* SingleNoteViewController.swift in Sources */ = {isa = PBXBuildFile; fileRef = F65BACD31EE9EFA50005ACEA /* SingleNoteViewController.swift */; };
		F672933A1ED2474E00DA34E4 /* AppDelegate.swift in Sources */ = {isa = PBXBuildFile; fileRef = F67293391ED2474E00DA34E4 /* AppDelegate.swift */; };
		F672933C1ED2474E00DA34E4 /* RootViewController.swift in Sources */ = {isa = PBXBuildFile; fileRef = F672933B1ED2474E00DA34E4 /* RootViewController.swift */; };
		F672933E1ED2474E00DA34E4 /* DataViewController.swift in Sources */ = {isa = PBXBuildFile; fileRef = F672933D1ED2474E00DA34E4 /* DataViewController.swift */; };
		F67293401ED2474E00DA34E4 /* ModelController.swift in Sources */ = {isa = PBXBuildFile; fileRef = F672933F1ED2474E00DA34E4 /* ModelController.swift */; };
		F67293431ED2474E00DA34E4 /* Main.storyboard in Resources */ = {isa = PBXBuildFile; fileRef = F67293411ED2474E00DA34E4 /* Main.storyboard */; };
		F67293451ED2474E00DA34E4 /* Assets.xcassets in Resources */ = {isa = PBXBuildFile; fileRef = F67293441ED2474E00DA34E4 /* Assets.xcassets */; };
		F67293481ED2474E00DA34E4 /* LaunchScreen.storyboard in Resources */ = {isa = PBXBuildFile; fileRef = F67293461ED2474E00DA34E4 /* LaunchScreen.storyboard */; };
		F6B0ACEE1EE858C2005C68A1 /* Alamofire.framework in Frameworks */ = {isa = PBXBuildFile; fileRef = F6B0ACED1EE858C2005C68A1 /* Alamofire.framework */; };
		F6B0ACF01EE884C3005C68A1 /* UserAlertsViewController.swift in Sources */ = {isa = PBXBuildFile; fileRef = F6B0ACEF1EE884C3005C68A1 /* UserAlertsViewController.swift */; };
		F6B0ACF21EE8B412005C68A1 /* AuthenticateView.swift in Sources */ = {isa = PBXBuildFile; fileRef = F6B0ACF11EE8B412005C68A1 /* AuthenticateView.swift */; };
		F6B0ACF41EE8B421005C68A1 /* VerifyView.swift in Sources */ = {isa = PBXBuildFile; fileRef = F6B0ACF31EE8B421005C68A1 /* VerifyView.swift */; };
/* End PBXBuildFile section */

/* Begin PBXFileReference section */
		2BD58039F7B75C7DA9861D00 /* Pods-notely-app.release.xcconfig */ = {isa = PBXFileReference; includeInIndex = 1; lastKnownFileType = text.xcconfig; name = "Pods-notely-app.release.xcconfig"; path = "Pods/Target Support Files/Pods-notely-app/Pods-notely-app.release.xcconfig"; sourceTree = "<group>"; };
		C30851C6F6419110E749EBB1 /* Pods_notely_app.framework */ = {isa = PBXFileReference; explicitFileType = wrapper.framework; includeInIndex = 0; path = Pods_notely_app.framework; sourceTree = BUILT_PRODUCTS_DIR; };
		DDAD565166F5DF0388407DF9 /* Pods-notely-app.debug.xcconfig */ = {isa = PBXFileReference; includeInIndex = 1; lastKnownFileType = text.xcconfig; name = "Pods-notely-app.debug.xcconfig"; path = "Pods/Target Support Files/Pods-notely-app/Pods-notely-app.debug.xcconfig"; sourceTree = "<group>"; };
		F65BACD11EE9C8C10005ACEA /* NotesViewController.swift */ = {isa = PBXFileReference; fileEncoding = 4; lastKnownFileType = sourcecode.swift; path = NotesViewController.swift; sourceTree = "<group>"; };
		F65BACD31EE9EFA50005ACEA /* SingleNoteViewController.swift */ = {isa = PBXFileReference; fileEncoding = 4; lastKnownFileType = sourcecode.swift; path = SingleNoteViewController.swift; sourceTree = "<group>"; };
		F67293361ED2474E00DA34E4 /* notely-app.app */ = {isa = PBXFileReference; explicitFileType = wrapper.application; includeInIndex = 0; path = "notely-app.app"; sourceTree = BUILT_PRODUCTS_DIR; };
		F67293391ED2474E00DA34E4 /* AppDelegate.swift */ = {isa = PBXFileReference; lastKnownFileType = sourcecode.swift; path = AppDelegate.swift; sourceTree = "<group>"; };
		F672933B1ED2474E00DA34E4 /* RootViewController.swift */ = {isa = PBXFileReference; lastKnownFileType = sourcecode.swift; path = RootViewController.swift; sourceTree = "<group>"; };
		F672933D1ED2474E00DA34E4 /* DataViewController.swift */ = {isa = PBXFileReference; lastKnownFileType = sourcecode.swift; path = DataViewController.swift; sourceTree = "<group>"; };
		F672933F1ED2474E00DA34E4 /* ModelController.swift */ = {isa = PBXFileReference; lastKnownFileType = sourcecode.swift; path = ModelController.swift; sourceTree = "<group>"; };
		F67293421ED2474E00DA34E4 /* Base */ = {isa = PBXFileReference; lastKnownFileType = file.storyboard; name = Base; path = Base.lproj/Main.storyboard; sourceTree = "<group>"; };
		F67293441ED2474E00DA34E4 /* Assets.xcassets */ = {isa = PBXFileReference; lastKnownFileType = folder.assetcatalog; path = Assets.xcassets; sourceTree = "<group>"; };
		F67293471ED2474E00DA34E4 /* Base */ = {isa = PBXFileReference; lastKnownFileType = file.storyboard; name = Base; path = Base.lproj/LaunchScreen.storyboard; sourceTree = "<group>"; };
		F67293491ED2474E00DA34E4 /* Info.plist */ = {isa = PBXFileReference; lastKnownFileType = text.plist.xml; path = Info.plist; sourceTree = "<group>"; };
		F6B0ACED1EE858C2005C68A1 /* Alamofire.framework */ = {isa = PBXFileReference; lastKnownFileType = wrapper.framework; name = Alamofire.framework; path = "Pods/../build/Release-iphoneos/Alamofire/Alamofire.framework"; sourceTree = "<group>"; };
		F6B0ACEF1EE884C3005C68A1 /* UserAlertsViewController.swift */ = {isa = PBXFileReference; fileEncoding = 4; lastKnownFileType = sourcecode.swift; path = UserAlertsViewController.swift; sourceTree = "<group>"; };
		F6B0ACF11EE8B412005C68A1 /* AuthenticateView.swift */ = {isa = PBXFileReference; fileEncoding = 4; lastKnownFileType = sourcecode.swift; path = AuthenticateView.swift; sourceTree = "<group>"; };
		F6B0ACF31EE8B421005C68A1 /* VerifyView.swift */ = {isa = PBXFileReference; fileEncoding = 4; lastKnownFileType = sourcecode.swift; path = VerifyView.swift; sourceTree = "<group>"; };
/* End PBXFileReference section */

/* Begin PBXFrameworksBuildPhase section */
		F67293331ED2474E00DA34E4 /* Frameworks */ = {
			isa = PBXFrameworksBuildPhase;
			buildActionMask = 2147483647;
			files = (
				F6B0ACEE1EE858C2005C68A1 /* Alamofire.framework in Frameworks */,
				ECAA9E80CDF56ED792EEB5D4 /* Pods_notely_app.framework in Frameworks */,
			);
			runOnlyForDeploymentPostprocessing = 0;
		};
/* End PBXFrameworksBuildPhase section */

/* Begin PBXGroup section */
		1D0855FA8D3506B6CF899DB6 /* Frameworks */ = {
			isa = PBXGroup;
			children = (
				F6B0ACED1EE858C2005C68A1 /* Alamofire.framework */,
				C30851C6F6419110E749EBB1 /* Pods_notely_app.framework */,
			);
			name = Frameworks;
			sourceTree = "<group>";
		};
		2A7821B07639A71E843A5505 /* Pods */ = {
			isa = PBXGroup;
			children = (
				DDAD565166F5DF0388407DF9 /* Pods-notely-app.debug.xcconfig */,
				2BD58039F7B75C7DA9861D00 /* Pods-notely-app.release.xcconfig */,
			);
			name = Pods;
			sourceTree = "<group>";
		};
		F672932D1ED2474E00DA34E4 = {
			isa = PBXGroup;
			children = (
				F67293381ED2474E00DA34E4 /* notely-app */,
				F67293371ED2474E00DA34E4 /* Products */,
				2A7821B07639A71E843A5505 /* Pods */,
				1D0855FA8D3506B6CF899DB6 /* Frameworks */,
			);
			sourceTree = "<group>";
		};
		F67293371ED2474E00DA34E4 /* Products */ = {
			isa = PBXGroup;
			children = (
				F67293361ED2474E00DA34E4 /* notely-app.app */,
			);
			name = Products;
			sourceTree = "<group>";
		};
		F67293381ED2474E00DA34E4 /* notely-app */ = {
			isa = PBXGroup;
			children = (
				F67293391ED2474E00DA34E4 /* AppDelegate.swift */,
				F672933B1ED2474E00DA34E4 /* RootViewController.swift */,
				F672933D1ED2474E00DA34E4 /* DataViewController.swift */,
				F6B0ACF11EE8B412005C68A1 /* AuthenticateView.swift */,
				F6B0ACF31EE8B421005C68A1 /* VerifyView.swift */,
				F65BACD31EE9EFA50005ACEA /* SingleNoteViewController.swift */,
				F672933F1ED2474E00DA34E4 /* ModelController.swift */,
				F67293411ED2474E00DA34E4 /* Main.storyboard */,
				F65BACD11EE9C8C10005ACEA /* NotesViewController.swift */,
				F67293441ED2474E00DA34E4 /* Assets.xcassets */,
				F67293461ED2474E00DA34E4 /* LaunchScreen.storyboard */,
				F67293491ED2474E00DA34E4 /* Info.plist */,
				F6B0ACEF1EE884C3005C68A1 /* UserAlertsViewController.swift */,
			);
			path = "notely-app";
			sourceTree = "<group>";
		};
/* End PBXGroup section */

/* Begin PBXNativeTarget section */
		F67293351ED2474E00DA34E4 /* notely-app */ = {
			isa = PBXNativeTarget;
			buildConfigurationList = F672934C1ED2474E00DA34E4 /* Build configuration list for PBXNativeTarget "notely-app" */;
			buildPhases = (
				CFDE84D6FC1CEA57FC44B3FB /* [CP] Check Pods Manifest.lock */,
				F67293321ED2474E00DA34E4 /* Sources */,
				F67293331ED2474E00DA34E4 /* Frameworks */,
				F67293341ED2474E00DA34E4 /* Resources */,
				8DEF9571FE6C6BBFE77CB686 /* [CP] Embed Pods Frameworks */,
				CBE21CF4088D032883BA275F /* [CP] Copy Pods Resources */,
			);
			buildRules = (
			);
			dependencies = (
			);
			name = "notely-app";
			productName = "notely-app";
			productReference = F67293361ED2474E00DA34E4 /* notely-app.app */;
			productType = "com.apple.product-type.application";
		};
/* End PBXNativeTarget section */

/* Begin PBXProject section */
		F672932E1ED2474E00DA34E4 /* Project object */ = {
			isa = PBXProject;
			attributes = {
				LastSwiftUpdateCheck = 0830;
				LastUpgradeCheck = 0830;
				ORGANIZATIONNAME = "Jessica West";
				TargetAttributes = {
					F67293351ED2474E00DA34E4 = {
						CreatedOnToolsVersion = 8.3.2;
						DevelopmentTeam = H45SU4NTBT;
						ProvisioningStyle = Automatic;
					};
				};
			};
			buildConfigurationList = F67293311ED2474E00DA34E4 /* Build configuration list for PBXProject "notely-app" */;
			compatibilityVersion = "Xcode 3.2";
			developmentRegion = English;
			hasScannedForEncodings = 0;
			knownRegions = (
				en,
				Base,
			);
			mainGroup = F672932D1ED2474E00DA34E4;
			productRefGroup = F67293371ED2474E00DA34E4 /* Products */;
			projectDirPath = "";
			projectRoot = "";
			targets = (
				F67293351ED2474E00DA34E4 /* notely-app */,
			);
		};
/* End PBXProject section */

/* Begin PBXResourcesBuildPhase section */
		F67293341ED2474E00DA34E4 /* Resources */ = {
			isa = PBXResourcesBuildPhase;
			buildActionMask = 2147483647;
			files = (
				F67293481ED2474E00DA34E4 /* LaunchScreen.storyboard in Resources */,
				F67293451ED2474E00DA34E4 /* Assets.xcassets in Resources */,
				F67293431ED2474E00DA34E4 /* Main.storyboard in Resources */,
			);
			runOnlyForDeploymentPostprocessing = 0;
		};
/* End PBXResourcesBuildPhase section */

/* Begin PBXShellScriptBuildPhase section */
		8DEF9571FE6C6BBFE77CB686 /* [CP] Embed Pods Frameworks */ = {
			isa = PBXShellScriptBuildPhase;
			buildActionMask = 2147483647;
			files = (
			);
			inputPaths = (
			);
			name = "[CP] Embed Pods Frameworks";
			outputPaths = (
			);
			runOnlyForDeploymentPostprocessing = 0;
			shellPath = /bin/sh;
			shellScript = "\"${SRCROOT}/Pods/Target Support Files/Pods-notely-app/Pods-notely-app-frameworks.sh\"\n";
			showEnvVarsInLog = 0;
		};
		CBE21CF4088D032883BA275F /* [CP] Copy Pods Resources */ = {
			isa = PBXShellScriptBuildPhase;
			buildActionMask = 2147483647;
			files = (
			);
			inputPaths = (
			);
			name = "[CP] Copy Pods Resources";
			outputPaths = (
			);
			runOnlyForDeploymentPostprocessing = 0;
			shellPath = /bin/sh;
			shellScript = "\"${SRCROOT}/Pods/Target Support Files/Pods-notely-app/Pods-notely-app-resources.sh\"\n";
			showEnvVarsInLog = 0;
		};
		CFDE84D6FC1CEA57FC44B3FB /* [CP] Check Pods Manifest.lock */ = {
			isa = PBXShellScriptBuildPhase;
			buildActionMask = 2147483647;
			files = (
			);
			inputPaths = (
			);
			name = "[CP] Check Pods Manifest.lock";
			outputPaths = (
			);
			runOnlyForDeploymentPostprocessing = 0;
			shellPath = /bin/sh;
			shellScript = "diff \"${PODS_PODFILE_DIR_PATH}/Podfile.lock\" \"${PODS_ROOT}/Manifest.lock\" > /dev/null\nif [ $? != 0 ] ; then\n    # print error to STDERR\n    echo \"error: The sandbox is not in sync with the Podfile.lock. Run 'pod install' or update your CocoaPods installation.\" >&2\n    exit 1\nfi\n";
			showEnvVarsInLog = 0;
		};
/* End PBXShellScriptBuildPhase section */

/* Begin PBXSourcesBuildPhase section */
		F67293321ED2474E00DA34E4 /* Sources */ = {
			isa = PBXSourcesBuildPhase;
			buildActionMask = 2147483647;
			files = (
				F6B0ACF41EE8B421005C68A1 /* VerifyView.swift in Sources */,
				F672933C1ED2474E00DA34E4 /* RootViewController.swift in Sources */,
				F6B0ACF01EE884C3005C68A1 /* UserAlertsViewController.swift in Sources */,
				F67293401ED2474E00DA34E4 /* ModelController.swift in Sources */,
				F65BACD21EE9C8C10005ACEA /* NotesViewController.swift in Sources */,
				F672933E1ED2474E00DA34E4 /* DataViewController.swift in Sources */,
				F65BACD41EE9EFA50005ACEA /* SingleNoteViewController.swift in Sources */,
				F672933A1ED2474E00DA34E4 /* AppDelegate.swift in Sources */,
				F6B0ACF21EE8B412005C68A1 /* AuthenticateView.swift in Sources */,
			);
			runOnlyForDeploymentPostprocessing = 0;
		};
/* End PBXSourcesBuildPhase section */

/* Begin PBXVariantGroup section */
		F67293411ED2474E00DA34E4 /* Main.storyboard */ = {
			isa = PBXVariantGroup;
			children = (
				F67293421ED2474E00DA34E4 /* Base */,
			);
			name = Main.storyboard;
			sourceTree = "<group>";
		};
		F67293461ED2474E00DA34E4 /* LaunchScreen.storyboard */ = {
			isa = PBXVariantGroup;
			children = (
				F67293471ED2474E00DA34E4 /* Base */,
			);
			name = LaunchScreen.storyboard;
			sourceTree = "<group>";
		};
/* End PBXVariantGroup section */

/* Begin XCBuildConfiguration section */
		F672934A1ED2474E00DA34E4 /* Debug */ = {
			isa = XCBuildConfiguration;
			buildSettings = {
				ALWAYS_SEARCH_USER_PATHS = NO;
				CLANG_ANALYZER_NONNULL = YES;
				CLANG_ANALYZER_NUMBER_OBJECT_CONVERSION = YES_AGGRESSIVE;
				CLANG_CXX_LANGUAGE_STANDARD = "gnu++0x";
				CLANG_CXX_LIBRARY = "libc++";
				CLANG_ENABLE_MODULES = YES;
				CLANG_ENABLE_OBJC_ARC = YES;
				CLANG_WARN_BOOL_CONVERSION = YES;
				CLANG_WARN_CONSTANT_CONVERSION = YES;
				CLANG_WARN_DIRECT_OBJC_ISA_USAGE = YES_ERROR;
				CLANG_WARN_DOCUMENTATION_COMMENTS = YES;
				CLANG_WARN_EMPTY_BODY = YES;
				CLANG_WARN_ENUM_CONVERSION = YES;
				CLANG_WARN_INFINITE_RECURSION = YES;
				CLANG_WARN_INT_CONVERSION = YES;
				CLANG_WARN_OBJC_ROOT_CLASS = YES_ERROR;
				CLANG_WARN_SUSPICIOUS_MOVE = YES;
				CLANG_WARN_UNREACHABLE_CODE = YES;
				CLANG_WARN__DUPLICATE_METHOD_MATCH = YES;
				"CODE_SIGN_IDENTITY[sdk=iphoneos*]" = "iPhone Developer";
				COPY_PHASE_STRIP = NO;
				DEBUG_INFORMATION_FORMAT = dwarf;
				ENABLE_STRICT_OBJC_MSGSEND = YES;
				ENABLE_TESTABILITY = YES;
				GCC_C_LANGUAGE_STANDARD = gnu99;
				GCC_DYNAMIC_NO_PIC = NO;
				GCC_NO_COMMON_BLOCKS = YES;
				GCC_OPTIMIZATION_LEVEL = 0;
				GCC_PREPROCESSOR_DEFINITIONS = (
					"DEBUG=1",
					"$(inherited)",
				);
				GCC_WARN_64_TO_32_BIT_CONVERSION = YES;
				GCC_WARN_ABOUT_RETURN_TYPE = YES_ERROR;
				GCC_WARN_UNDECLARED_SELECTOR = YES;
				GCC_WARN_UNINITIALIZED_AUTOS = YES_AGGRESSIVE;
				GCC_WARN_UNUSED_FUNCTION = YES;
				GCC_WARN_UNUSED_VARIABLE = YES;
				IPHONEOS_DEPLOYMENT_TARGET = 10.3;
				MTL_ENABLE_DEBUG_INFO = YES;
				ONLY_ACTIVE_ARCH = YES;
				SDKROOT = iphoneos;
				SWIFT_ACTIVE_COMPILATION_CONDITIONS = DEBUG;
				SWIFT_OPTIMIZATION_LEVEL = "-Onone";
			};
			name = Debug;
		};
		F672934B1ED2474E00DA34E4 /* Release */ = {
			isa = XCBuildConfiguration;
			buildSettings = {
				ALWAYS_SEARCH_USER_PATHS = NO;
				CLANG_ANALYZER_NONNULL = YES;
				CLANG_ANALYZER_NUMBER_OBJECT_CONVERSION = YES_AGGRESSIVE;
				CLANG_CXX_LANGUAGE_STANDARD = "gnu++0x";
				CLANG_CXX_LIBRARY = "libc++";
				CLANG_ENABLE_MODULES = YES;
				CLANG_ENABLE_OBJC_ARC = YES;
				CLANG_WARN_BOOL_CONVERSION = YES;
				CLANG_WARN_CONSTANT_CONVERSION = YES;
				CLANG_WARN_DIRECT_OBJC_ISA_USAGE = YES_ERROR;
				CLANG_WARN_DOCUMENTATION_COMMENTS = YES;
				CLANG_WARN_EMPTY_BODY = YES;
				CLANG_WARN_ENUM_CONVERSION = YES;
				CLANG_WARN_INFINITE_RECURSION = YES;
				CLANG_WARN_INT_CONVERSION = YES;
				CLANG_WARN_OBJC_ROOT_CLASS = YES_ERROR;
				CLANG_WARN_SUSPICIOUS_MOVE = YES;
				CLANG_WARN_UNREACHABLE_CODE = YES;
				CLANG_WARN__DUPLICATE_METHOD_MATCH = YES;
				"CODE_SIGN_IDENTITY[sdk=iphoneos*]" = "iPhone Developer";
				COPY_PHASE_STRIP = NO;
				DEBUG_INFORMATION_FORMAT = "dwarf-with-dsym";
				ENABLE_NS_ASSERTIONS = NO;
				ENABLE_STRICT_OBJC_MSGSEND = YES;
				GCC_C_LANGUAGE_STANDARD = gnu99;
				GCC_NO_COMMON_BLOCKS = YES;
				GCC_WARN_64_TO_32_BIT_CONVERSION = YES;
				GCC_WARN_ABOUT_RETURN_TYPE = YES_ERROR;
				GCC_WARN_UNDECLARED_SELECTOR = YES;
				GCC_WARN_UNINITIALIZED_AUTOS = YES_AGGRESSIVE;
				GCC_WARN_UNUSED_FUNCTION = YES;
				GCC_WARN_UNUSED_VARIABLE = YES;
				IPHONEOS_DEPLOYMENT_TARGET = 10.3;
				MTL_ENABLE_DEBUG_INFO = NO;
				SDKROOT = iphoneos;
				SWIFT_OPTIMIZATION_LEVEL = "-Owholemodule";
				VALIDATE_PRODUCT = YES;
			};
			name = Release;
		};
		F672934D1ED2474E00DA34E4 /* Debug */ = {
			isa = XCBuildConfiguration;
			baseConfigurationReference = DDAD565166F5DF0388407DF9 /* Pods-notely-app.debug.xcconfig */;
			buildSettings = {
				ASSETCATALOG_COMPILER_APPICON_NAME = AppIcon;
				DEVELOPMENT_TEAM = H45SU4NTBT;
				FRAMEWORK_SEARCH_PATHS = (
					"$(inherited)",
					"$(PROJECT_DIR)/build/Release-iphoneos/Alamofire",
				);
				INFOPLIST_FILE = "notely-app/Info.plist";
				LD_RUNPATH_SEARCH_PATHS = "$(inherited) @executable_path/Frameworks";
				PRODUCT_BUNDLE_IDENTIFIER = "com.jessicawest.notely-app";
				PRODUCT_NAME = "$(TARGET_NAME)";
				SWIFT_VERSION = 3.0;
			};
			name = Debug;
		};
		F672934E1ED2474E00DA34E4 /* Release */ = {
			isa = XCBuildConfiguration;
			baseConfigurationReference = 2BD58039F7B75C7DA9861D00 /* Pods-notely-app.release.xcconfig */;
			buildSettings = {
				ASSETCATALOG_COMPILER_APPICON_NAME = AppIcon;
				DEVELOPMENT_TEAM = H45SU4NTBT;
				FRAMEWORK_SEARCH_PATHS = (
					"$(inherited)",
					"$(PROJECT_DIR)/build/Release-iphoneos/Alamofire",
				);
				INFOPLIST_FILE = "notely-app/Info.plist";
				LD_RUNPATH_SEARCH_PATHS = "$(inherited) @executable_path/Frameworks";
				PRODUCT_BUNDLE_IDENTIFIER = "com.jessicawest.notely-app";
				PRODUCT_NAME = "$(TARGET_NAME)";
				SWIFT_VERSION = 3.0;
			};
			name = Release;
		};
/* End XCBuildConfiguration section */

/* Begin XCConfigurationList section */
		F67293311ED2474E00DA34E4 /* Build configuration list for PBXProject "notely-app" */ = {
			isa = XCConfigurationList;
			buildConfigurations = (
				F672934A1ED2474E00DA34E4 /* Debug */,
				F672934B1ED2474E00DA34E4 /* Release */,
			);
			defaultConfigurationIsVisible = 0;
			defaultConfigurationName = Release;
		};
		F672934C1ED2474E00DA34E4 /* Build configuration list for PBXNativeTarget "notely-app" */ = {
			isa = XCConfigurationList;
			buildConfigurations = (
				F672934D1ED2474E00DA34E4 /* Debug */,
				F672934E1ED2474E00DA34E4 /* Release */,
			);
			defaultConfigurationIsVisible = 0;
			defaultConfigurationName = Release;
		};
/* End XCConfigurationList section */
	};
	rootObject = F672932E1ED2474E00DA34E4 /* Project object */;
}
